// !$*UTF8*$!
{
	archiveVersion = 1;
	classes = {
	};
	objectVersion = 50;
	objects = {

/* Begin PBXBuildFile section */
		2E4CDCF0248EB1770073737F /* AppDelegate.swift in Sources */ = {isa = PBXBuildFile; fileRef = 2E4CDCEF248EB1770073737F /* AppDelegate.swift */; };
		2E4CDCF2248EB1770073737F /* SceneDelegate.swift in Sources */ = {isa = PBXBuildFile; fileRef = 2E4CDCF1248EB1770073737F /* SceneDelegate.swift */; };
		2E4CDCF4248EB1770073737F /* ViewController.swift in Sources */ = {isa = PBXBuildFile; fileRef = 2E4CDCF3248EB1770073737F /* ViewController.swift */; };
		2E4CDCF7248EB1770073737F /* Main.storyboard in Resources */ = {isa = PBXBuildFile; fileRef = 2E4CDCF5248EB1770073737F /* Main.storyboard */; };
		2E4CDCF9248EB17B0073737F /* Assets.xcassets in Resources */ = {isa = PBXBuildFile; fileRef = 2E4CDCF8248EB17B0073737F /* Assets.xcassets */; };
		2E4CDCFC248EB17B0073737F /* LaunchScreen.storyboard in Resources */ = {isa = PBXBuildFile; fileRef = 2E4CDCFA248EB17B0073737F /* LaunchScreen.storyboard */; };
/* End PBXBuildFile section */

/* Begin PBXFileReference section */
		2E4CDCEC248EB1770073737F /* TrackListApp.app */ = {isa = PBXFileReference; explicitFileType = wrapper.application; includeInIndex = 0; path = TrackListApp.app; sourceTree = BUILT_PRODUCTS_DIR; };
		2E4CDCEF248EB1770073737F /* AppDelegate.swift */ = {isa = PBXFileReference; lastKnownFileType = sourcecode.swift; path = AppDelegate.swift; sourceTree = "<group>"; };
		2E4CDCF1248EB1770073737F /* SceneDelegate.swift */ = {isa = PBXFileReference; lastKnownFileType = sourcecode.swift; path = SceneDelegate.swift; sourceTree = "<group>"; };
		2E4CDCF3248EB1770073737F /* ViewController.swift */ = {isa = PBXFileReference; lastKnownFileType = sourcecode.swift; path = ViewController.swift; sourceTree = "<group>"; };
		2E4CDCF6248EB1770073737F /* Base */ = {isa = PBXFileReference; lastKnownFileType = file.storyboard; name = Base; path = Base.lproj/Main.storyboard; sourceTree = "<group>"; };
		2E4CDCF8248EB17B0073737F /* Assets.xcassets */ = {isa = PBXFileReference; lastKnownFileType = folder.assetcatalog; path = Assets.xcassets; sourceTree = "<group>"; };
		2E4CDCFB248EB17B0073737F /* Base */ = {isa = PBXFileReference; lastKnownFileType = file.storyboard; name = Base; path = Base.lproj/LaunchScreen.storyboard; sourceTree = "<group>"; };
		2E4CDCFD248EB17B0073737F /* Info.plist */ = {isa = PBXFileReference; lastKnownFileType = text.plist.xml; path = Info.plist; sourceTree = "<group>"; };
/* End PBXFileReference section */

/* Begin PBXFrameworksBuildPhase section */
		2E4CDCE9248EB1770073737F /* Frameworks */ = {
			isa = PBXFrameworksBuildPhase;
			buildActionMask = 2147483647;
			files = (
			);
			runOnlyForDeploymentPostprocessing = 0;
		};
/* End PBXFrameworksBuildPhase section */

/* Begin PBXGroup section */
		2E4CDCE3248EB1770073737F = {
			isa = PBXGroup;
			children = (
				2E4CDCEE248EB1770073737F /* TrackListApp */,
				2E4CDCED248EB1770073737F /* Products */,
			);
			sourceTree = "<group>";
		};
		2E4CDCED248EB1770073737F /* Products */ = {
			isa = PBXGroup;
			children = (
				2E4CDCEC248EB1770073737F /* TrackListApp.app */,
			);
			name = Products;
			sourceTree = "<group>";
		};
		2E4CDCEE248EB1770073737F /* TrackListApp */ = {
			isa = PBXGroup;
			children = (
				2E4CDCEF248EB1770073737F /* AppDelegate.swift */,
				2E4CDCF1248EB1770073737F /* SceneDelegate.swift */,
				2E4CDCF3248EB1770073737F /* ViewController.swift */,
				2E4CDCF5248EB1770073737F /* Main.storyboard */,
				2E4CDCF8248EB17B0073737F /* Assets.xcassets */,
				2E4CDCFA248EB17B0073737F /* LaunchScreen.storyboard */,
				2E4CDCFD248EB17B0073737F /* Info.plist */,
			);
			path = TrackListApp;
			sourceTree = "<group>";
		};
/* End PBXGroup section */

/* Begin PBXNativeTarget section */
		2E4CDCEB248EB1770073737F /* TrackListApp */ = {
			isa = PBXNativeTarget;
			buildConfigurationList = 2E4CDD00248EB17B0073737F /* Build configuration list for PBXNativeTarget "TrackListApp" */;
			buildPhases = (
				2E4CDCE8248EB1770073737F /* Sources */,
				2E4CDCE9248EB1770073737F /* Frameworks */,
				2E4CDCEA248EB1770073737F /* Resources */,
			);
			buildRules = (
			);
			dependencies = (
			);
			name = TrackListApp;
			productName = TrackListApp;
			productReference = 2E4CDCEC248EB1770073737F /* TrackListApp.app */;
			productType = "com.apple.product-type.application";
		};
/* End PBXNativeTarget section */

/* Begin PBXProject section */
		2E4CDCE4248EB1770073737F /* Project object */ = {
			isa = PBXProject;
			attributes = {
				LastSwiftUpdateCheck = 1150;
				LastUpgradeCheck = 1150;
				ORGANIZATIONNAME = "Nikolai Krusser";
				TargetAttributes = {
					2E4CDCEB248EB1770073737F = {
						CreatedOnToolsVersion = 11.5;
					};
				};
			};
			buildConfigurationList = 2E4CDCE7248EB1770073737F /* Build configuration list for PBXProject "TrackListApp" */;
			compatibilityVersion = "Xcode 9.3";
			developmentRegion = en;
			hasScannedForEncodings = 0;
			knownRegions = (
				en,
				Base,
			);
			mainGroup = 2E4CDCE3248EB1770073737F;
			productRefGroup = 2E4CDCED248EB1770073737F /* Products */;
			projectDirPath = "";
			projectRoot = "";
			targets = (
				2E4CDCEB248EB1770073737F /* TrackListApp */,
			);
		};
/* End PBXProject section */

/* Begin PBXResourcesBuildPhase section */
		2E4CDCEA248EB1770073737F /* Resources */ = {
			isa = PBXResourcesBuildPhase;
			buildActionMask = 2147483647;
			files = (
				2E4CDCFC248EB17B0073737F /* LaunchScreen.storyboard in Resources */,
				2E4CDCF9248EB17B0073737F /* Assets.xcassets in Resources */,
				2E4CDCF7248EB1770073737F /* Main.storyboard in Resources */,
			);
			runOnlyForDeploymentPostprocessing = 0;
		};
/* End PBXResourcesBuildPhase section */

/* Begin PBXSourcesBuildPhase section */
		2E4CDCE8248EB1770073737F /* Sources */ = {
			isa = PBXSourcesBuildPhase;
			buildActionMask = 2147483647;
			files = (
				2E4CDCF4248EB1770073737F /* ViewController.swift in Sources */,
				2E4CDCF0248EB1770073737F /* AppDelegate.swift in Sources */,
				2E4CDCF2248EB1770073737F /* SceneDelegate.swift in Sources */,
			);
			runOnlyForDeploymentPostprocessing = 0;
		};
/* End PBXSourcesBuildPhase section */

/* Begin PBXVariantGroup section */
		2E4CDCF5248EB1770073737F /* Main.storyboard */ = {
			isa = PBXVariantGroup;
			children = (
				2E4CDCF6248EB1770073737F /* Base */,
			);
			name = Main.storyboard;
			sourceTree = "<group>";
		};
		2E4CDCFA248EB17B0073737F /* LaunchScreen.storyboard */ = {
			isa = PBXVariantGroup;
			children = (
				2E4CDCFB248EB17B0073737F /* Base */,
			);
			name = LaunchScreen.storyboard;
			sourceTree = "<group>";
		};
/* End PBXVariantGroup section */

/* Begin XCBuildConfiguration section */
		2E4CDCFE248EB17B0073737F /* Debug */ = {
			isa = XCBuildConfiguration;
			buildSettings = {
				ALWAYS_SEARCH_USER_PATHS = NO;
				CLANG_ANALYZER_NONNULL = YES;
				CLANG_ANALYZER_NUMBER_OBJECT_CONVERSION = YES_AGGRESSIVE;
				CLANG_CXX_LANGUAGE_STANDARD = "gnu++14";
				CLANG_CXX_LIBRARY = "libc++";
				CLANG_ENABLE_MODULES = YES;
				CLANG_ENABLE_OBJC_ARC = YES;
				CLANG_ENABLE_OBJC_WEAK = YES;
				CLANG_WARN_BLOCK_CAPTURE_AUTORELEASING = YES;
				CLANG_WARN_BOOL_CONVERSION = YES;
				CLANG_WARN_COMMA = YES;
				CLANG_WARN_CONSTANT_CONVERSION = YES;
				CLANG_WARN_DEPRECATED_OBJC_IMPLEMENTATIONS = YES;
				CLANG_WARN_DIRECT_OBJC_ISA_USAGE = YES_ERROR;
				CLANG_WARN_DOCUMENTATION_COMMENTS = YES;
				CLANG_WARN_EMPTY_BODY = YES;
				CLANG_WARN_ENUM_CONVERSION = YES;
				CLANG_WARN_INFINITE_RECURSION = YES;
				CLANG_WARN_INT_CONVERSION = YES;
				CLANG_WARN_NON_LITERAL_NULL_CONVERSION = YES;
				CLANG_WARN_OBJC_IMPLICIT_RETAIN_SELF = YES;
				CLANG_WARN_OBJC_LITERAL_CONVERSION = YES;
				CLANG_WARN_OBJC_ROOT_CLASS = YES_ERROR;
				CLANG_WARN_RANGE_LOOP_ANALYSIS = YES;
				CLANG_WARN_STRICT_PROTOTYPES = YES;
				CLANG_WARN_SUSPICIOUS_MOVE = YES;
				CLANG_WARN_UNGUARDED_AVAILABILITY = YES_AGGRESSIVE;
				CLANG_WARN_UNREACHABLE_CODE = YES;
				CLANG_WARN__DUPLICATE_METHOD_MATCH = YES;
				COPY_PHASE_STRIP = NO;
				DEBUG_INFORMATION_FORMAT = dwarf;
				ENABLE_STRICT_OBJC_MSGSEND = YES;
				ENABLE_TESTABILITY = YES;
				GCC_C_LANGUAGE_STANDARD = gnu11;
				GCC_DYNAMIC_NO_PIC = NO;
				GCC_NO_COMMON_BLOCKS = YES;
				GCC_OPTIMIZATION_LEVEL = 0;
				GCC_PREPROCESSOR_DEFINITIONS = (
					"DEBUG=1",
					"$(inherited)",
				);
				GCC_WARN_64_TO_32_BIT_CONVERSION = YES;
				GCC_WARN_ABOUT_RETURN_TYPE = YES_ERROR;
				GCC_WARN_UNDECLARED_SELECTOR = YES;
				GCC_WARN_UNINITIALIZED_AUTOS = YES_AGGRESSIVE;
				GCC_WARN_UNUSED_FUNCTION = YES;
				GCC_WARN_UNUSED_VARIABLE = YES;
				IPHONEOS_DEPLOYMENT_TARGET = 13.5;
				MTL_ENABLE_DEBUG_INFO = INCLUDE_SOURCE;
				MTL_FAST_MATH = YES;
				ONLY_ACTIVE_ARCH = YES;
				SDKROOT = iphoneos;
				SWIFT_ACTIVE_COMPILATION_CONDITIONS = DEBUG;
				SWIFT_OPTIMIZATION_LEVEL = "-Onone";
			};
			name = Debug;
		};
		2E4CDCFF248EB17B0073737F /* Release */ = {
			isa = XCBuildConfiguration;
			buildSettings = {
				ALWAYS_SEARCH_USER_PATHS = NO;
				CLANG_ANALYZER_NONNULL = YES;
				CLANG_ANALYZER_NUMBER_OBJECT_CONVERSION = YES_AGGRESSIVE;
				CLANG_CXX_LANGUAGE_STANDARD = "gnu++14";
				CLANG_CXX_LIBRARY = "libc++";
				CLANG_ENABLE_MODULES = YES;
				CLANG_ENABLE_OBJC_ARC = YES;
				CLANG_ENABLE_OBJC_WEAK = YES;
				CLANG_WARN_BLOCK_CAPTURE_AUTORELEASING = YES;
				CLANG_WARN_BOOL_CONVERSION = YES;
				CLANG_WARN_COMMA = YES;
				CLANG_WARN_CONSTANT_CONVERSION = YES;
				CLANG_WARN_DEPRECATED_OBJC_IMPLEMENTATIONS = YES;
				CLANG_WARN_DIRECT_OBJC_ISA_USAGE = YES_ERROR;
				CLANG_WARN_DOCUMENTATION_COMMENTS = YES;
				CLANG_WARN_EMPTY_BODY = YES;
				CLANG_WARN_ENUM_CONVERSION = YES;
				CLANG_WARN_INFINITE_RECURSION = YES;
				CLANG_WARN_INT_CONVERSION = YES;
				CLANG_WARN_NON_LITERAL_NULL_CONVERSION = YES;
				CLANG_WARN_OBJC_IMPLICIT_RETAIN_SELF = YES;
				CLANG_WARN_OBJC_LITERAL_CONVERSION = YES;
				CLANG_WARN_OBJC_ROOT_CLASS = YES_ERROR;
				CLANG_WARN_RANGE_LOOP_ANALYSIS = YES;
				CLANG_WARN_STRICT_PROTOTYPES = YES;
				CLANG_WARN_SUSPICIOUS_MOVE = YES;
				CLANG_WARN_UNGUARDED_AVAILABILITY = YES_AGGRESSIVE;
				CLANG_WARN_UNREACHABLE_CODE = YES;
				CLANG_WARN__DUPLICATE_METHOD_MATCH = YES;
				COPY_PHASE_STRIP = NO;
				DEBUG_INFORMATION_FORMAT = "dwarf-with-dsym";
				ENABLE_NS_ASSERTIONS = NO;
				ENABLE_STRICT_OBJC_MSGSEND = YES;
				GCC_C_LANGUAGE_STANDARD = gnu11;
				GCC_NO_COMMON_BLOCKS = YES;
				GCC_WARN_64_TO_32_BIT_CONVERSION = YES;
				GCC_WARN_ABOUT_RETURN_TYPE = YES_ERROR;
				GCC_WARN_UNDECLARED_SELECTOR = YES;
				GCC_WARN_UNINITIALIZED_AUTOS = YES_AGGRESSIVE;
				GCC_WARN_UNUSED_FUNCTION = YES;
				GCC_WARN_UNUSED_VARIABLE = YES;
				IPHONEOS_DEPLOYMENT_TARGET = 13.5;
				MTL_ENABLE_DEBUG_INFO = NO;
				MTL_FAST_MATH = YES;
				SDKROOT = iphoneos;
				SWIFT_COMPILATION_MODE = wholemodule;
				SWIFT_OPTIMIZATION_LEVEL = "-O";
				VALIDATE_PRODUCT = YES;
			};
			name = Release;
		};
		2E4CDD01248EB17B0073737F /* Debug */ = {
			isa = XCBuildConfiguration;
			buildSettings = {
				ASSETCATALOG_COMPILER_APPICON_NAME = AppIcon;
				CODE_SIGN_STYLE = Automatic;
				INFOPLIST_FILE = TrackListApp/Info.plist;
				LD_RUNPATH_SEARCH_PATHS = (
					"$(inherited)",
					"@executable_path/Frameworks",
				);
				PRODUCT_BUNDLE_IDENTIFIER = NikNik.TrackListApp;
				PRODUCT_NAME = "$(TARGET_NAME)";
				SWIFT_VERSION = 5.0;
				TARGETED_DEVICE_FAMILY = "1,2";
			};
			name = Debug;
		};
		2E4CDD02248EB17B0073737F /* Release */ = {
			isa = XCBuildConfiguration;
			buildSettings = {
				ASSETCATALOG_COMPILER_APPICON_NAME = AppIcon;
				CODE_SIGN_STYLE = Automatic;
				INFOPLIST_FILE = TrackListApp/Info.plist;
				LD_RUNPATH_SEARCH_PATHS = (
					"$(inherited)",
					"@executable_path/Frameworks",
				);
				PRODUCT_BUNDLE_IDENTIFIER = NikNik.TrackListApp;
				PRODUCT_NAME = "$(TARGET_NAME)";
				SWIFT_VERSION = 5.0;
				TARGETED_DEVICE_FAMILY = "1,2";
			};
			name = Release;
		};
/* End XCBuildConfiguration section */

/* Begin XCConfigurationList section */
		2E4CDCE7248EB1770073737F /* Build configuration list for PBXProject "TrackListApp" */ = {
			isa = XCConfigurationList;
			buildConfigurations = (
				2E4CDCFE248EB17B0073737F /* Debug */,
				2E4CDCFF248EB17B0073737F /* Release */,
			);
			defaultConfigurationIsVisible = 0;
			defaultConfigurationName = Release;
		};
		2E4CDD00248EB17B0073737F /* Build configuration list for PBXNativeTarget "TrackListApp" */ = {
			isa = XCConfigurationList;
			buildConfigurations = (
				2E4CDD01248EB17B0073737F /* Debug */,
				2E4CDD02248EB17B0073737F /* Release */,
			);
			defaultConfigurationIsVisible = 0;
			defaultConfigurationName = Release;
		};
/* End XCConfigurationList section */
	};
	rootObject = 2E4CDCE4248EB1770073737F /* Project object */;
}
